// !$*UTF8*$!
{
	archiveVersion = 1;
	classes = {
	};
	objectVersion = 56;
	objects = {

/* Begin PBXBuildFile section */
		FB03AAC229BCA46900CF42C0 /* weatimeApp.swift in Sources */ = {isa = PBXBuildFile; fileRef = FB03AAC129BCA46900CF42C0 /* weatimeApp.swift */; };
		FB03AAC429BCA46900CF42C0 /* ContentView.swift in Sources */ = {isa = PBXBuildFile; fileRef = FB03AAC329BCA46900CF42C0 /* ContentView.swift */; };
		FB03AAC629BCA46B00CF42C0 /* Assets.xcassets in Resources */ = {isa = PBXBuildFile; fileRef = FB03AAC529BCA46B00CF42C0 /* Assets.xcassets */; };
		FB03AAC929BCA46B00CF42C0 /* Preview Assets.xcassets in Resources */ = {isa = PBXBuildFile; fileRef = FB03AAC829BCA46B00CF42C0 /* Preview Assets.xcassets */; };
		FB03AAD129BCAA5F00CF42C0 /* LocationManager.swift in Sources */ = {isa = PBXBuildFile; fileRef = FB03AAD029BCAA5F00CF42C0 /* LocationManager.swift */; };
		FB03AAD429BCB8ED00CF42C0 /* WelcomeView.swift in Sources */ = {isa = PBXBuildFile; fileRef = FB03AAD329BCB8ED00CF42C0 /* WelcomeView.swift */; };
		FB03AAD629BCD83C00CF42C0 /* LoadingView.swift in Sources */ = {isa = PBXBuildFile; fileRef = FB03AAD529BCD83C00CF42C0 /* LoadingView.swift */; };
		FB03AAD829BCE3B000CF42C0 /* WeatherManager.swift in Sources */ = {isa = PBXBuildFile; fileRef = FB03AAD729BCE3B000CF42C0 /* WeatherManager.swift */; };
		FB03AADA29BCF01100CF42C0 /* ModelData.swift in Sources */ = {isa = PBXBuildFile; fileRef = FB03AAD929BCF01100CF42C0 /* ModelData.swift */; };
		FB03AADC29BCF09100CF42C0 /* weatherData.json in Resources */ = {isa = PBXBuildFile; fileRef = FB03AADB29BCF09100CF42C0 /* weatherData.json */; };
		FB03AADE29BCFACC00CF42C0 /* WeatherView.swift in Sources */ = {isa = PBXBuildFile; fileRef = FB03AADD29BCFACC00CF42C0 /* WeatherView.swift */; };
		FB03AAE029BCFF6400CF42C0 /* Extensions.swift in Sources */ = {isa = PBXBuildFile; fileRef = FB03AADF29BCFF6400CF42C0 /* Extensions.swift */; };
		FB176BB229BF49DD006383A1 /* test.swift in Sources */ = {isa = PBXBuildFile; fileRef = FB176BB129BF49DD006383A1 /* test.swift */; };
/* End PBXBuildFile section */

/* Begin PBXFileReference section */
		FB03AABE29BCA46900CF42C0 /* weatime.app */ = {isa = PBXFileReference; explicitFileType = wrapper.application; includeInIndex = 0; path = weatime.app; sourceTree = BUILT_PRODUCTS_DIR; };
		FB03AAC129BCA46900CF42C0 /* weatimeApp.swift */ = {isa = PBXFileReference; lastKnownFileType = sourcecode.swift; path = weatimeApp.swift; sourceTree = "<group>"; };
		FB03AAC329BCA46900CF42C0 /* ContentView.swift */ = {isa = PBXFileReference; lastKnownFileType = sourcecode.swift; path = ContentView.swift; sourceTree = "<group>"; };
		FB03AAC529BCA46B00CF42C0 /* Assets.xcassets */ = {isa = PBXFileReference; lastKnownFileType = folder.assetcatalog; path = Assets.xcassets; sourceTree = "<group>"; };
		FB03AAC829BCA46B00CF42C0 /* Preview Assets.xcassets */ = {isa = PBXFileReference; lastKnownFileType = folder.assetcatalog; path = "Preview Assets.xcassets"; sourceTree = "<group>"; };
		FB03AAD029BCAA5F00CF42C0 /* LocationManager.swift */ = {isa = PBXFileReference; lastKnownFileType = sourcecode.swift; path = LocationManager.swift; sourceTree = "<group>"; };
		FB03AAD329BCB8ED00CF42C0 /* WelcomeView.swift */ = {isa = PBXFileReference; lastKnownFileType = sourcecode.swift; path = WelcomeView.swift; sourceTree = "<group>"; };
		FB03AAD529BCD83C00CF42C0 /* LoadingView.swift */ = {isa = PBXFileReference; lastKnownFileType = sourcecode.swift; path = LoadingView.swift; sourceTree = "<group>"; };
		FB03AAD729BCE3B000CF42C0 /* WeatherManager.swift */ = {isa = PBXFileReference; lastKnownFileType = sourcecode.swift; path = WeatherManager.swift; sourceTree = "<group>"; };
		FB03AAD929BCF01100CF42C0 /* ModelData.swift */ = {isa = PBXFileReference; lastKnownFileType = sourcecode.swift; path = ModelData.swift; sourceTree = "<group>"; };
		FB03AADB29BCF09100CF42C0 /* weatherData.json */ = {isa = PBXFileReference; lastKnownFileType = text.json; path = weatherData.json; sourceTree = "<group>"; };
		FB03AADD29BCFACC00CF42C0 /* WeatherView.swift */ = {isa = PBXFileReference; lastKnownFileType = sourcecode.swift; path = WeatherView.swift; sourceTree = "<group>"; };
		FB03AADF29BCFF6400CF42C0 /* Extensions.swift */ = {isa = PBXFileReference; lastKnownFileType = sourcecode.swift; path = Extensions.swift; sourceTree = "<group>"; };
		FB176BB129BF49DD006383A1 /* test.swift */ = {isa = PBXFileReference; lastKnownFileType = sourcecode.swift; path = test.swift; sourceTree = "<group>"; };
/* End PBXFileReference section */

/* Begin PBXFrameworksBuildPhase section */
		FB03AABB29BCA46900CF42C0 /* Frameworks */ = {
			isa = PBXFrameworksBuildPhase;
			buildActionMask = 2147483647;
			files = (
			);
			runOnlyForDeploymentPostprocessing = 0;
		};
/* End PBXFrameworksBuildPhase section */

/* Begin PBXGroup section */
		FB03AAB529BCA46900CF42C0 = {
			isa = PBXGroup;
			children = (
				FB03AAC029BCA46900CF42C0 /* weatime */,
				FB03AABF29BCA46900CF42C0 /* Products */,
			);
			sourceTree = "<group>";
		};
		FB03AABF29BCA46900CF42C0 /* Products */ = {
			isa = PBXGroup;
			children = (
				FB03AABE29BCA46900CF42C0 /* weatime.app */,
			);
			name = Products;
			sourceTree = "<group>";
		};
		FB03AAC029BCA46900CF42C0 /* weatime */ = {
			isa = PBXGroup;
			children = (
				FB03AACF29BCAA3300CF42C0 /* Managers */,
				FB03AAC129BCA46900CF42C0 /* weatimeApp.swift */,
				FB03AAD229BCB81600CF42C0 /* Views */,
				FB03AAC529BCA46B00CF42C0 /* Assets.xcassets */,
				FB03AAC729BCA46B00CF42C0 /* Preview Content */,
				FB03AADF29BCFF6400CF42C0 /* Extensions.swift */,
			);
			path = weatime;
			sourceTree = "<group>";
		};
		FB03AAC729BCA46B00CF42C0 /* Preview Content */ = {
			isa = PBXGroup;
			children = (
				FB03AAD929BCF01100CF42C0 /* ModelData.swift */,
				FB03AAC829BCA46B00CF42C0 /* Preview Assets.xcassets */,
				FB03AADB29BCF09100CF42C0 /* weatherData.json */,
			);
			path = "Preview Content";
			sourceTree = "<group>";
		};
		FB03AACF29BCAA3300CF42C0 /* Managers */ = {
			isa = PBXGroup;
			children = (
				FB03AAD029BCAA5F00CF42C0 /* LocationManager.swift */,
				FB03AAD729BCE3B000CF42C0 /* WeatherManager.swift */,
			);
			path = Managers;
			sourceTree = "<group>";
		};
		FB03AAD229BCB81600CF42C0 /* Views */ = {
			isa = PBXGroup;
			children = (
				FB03AAC329BCA46900CF42C0 /* ContentView.swift */,
				FB03AAD329BCB8ED00CF42C0 /* WelcomeView.swift */,
				FB03AAD529BCD83C00CF42C0 /* LoadingView.swift */,
				FB03AADD29BCFACC00CF42C0 /* WeatherView.swift */,
				FB176BB129BF49DD006383A1 /* test.swift */,
			);
			path = Views;
			sourceTree = "<group>";
		};
/* End PBXGroup section */

/* Begin PBXNativeTarget section */
		FB03AABD29BCA46900CF42C0 /* weatime */ = {
			isa = PBXNativeTarget;
			buildConfigurationList = FB03AACC29BCA46B00CF42C0 /* Build configuration list for PBXNativeTarget "weatime" */;
			buildPhases = (
				FB03AABA29BCA46900CF42C0 /* Sources */,
				FB03AABB29BCA46900CF42C0 /* Frameworks */,
				FB03AABC29BCA46900CF42C0 /* Resources */,
			);
			buildRules = (
			);
			dependencies = (
			);
			name = weatime;
			productName = weatime;
			productReference = FB03AABE29BCA46900CF42C0 /* weatime.app */;
			productType = "com.apple.product-type.application";
		};
/* End PBXNativeTarget section */

/* Begin PBXProject section */
		FB03AAB629BCA46900CF42C0 /* Project object */ = {
			isa = PBXProject;
			attributes = {
				BuildIndependentTargetsInParallel = 1;
				LastSwiftUpdateCheck = 1420;
				LastUpgradeCheck = 1420;
				TargetAttributes = {
					FB03AABD29BCA46900CF42C0 = {
						CreatedOnToolsVersion = 14.2;
					};
				};
			};
			buildConfigurationList = FB03AAB929BCA46900CF42C0 /* Build configuration list for PBXProject "weatime" */;
			compatibilityVersion = "Xcode 14.0";
			developmentRegion = en;
			hasScannedForEncodings = 0;
			knownRegions = (
				en,
				Base,
			);
			mainGroup = FB03AAB529BCA46900CF42C0;
			productRefGroup = FB03AABF29BCA46900CF42C0 /* Products */;
			projectDirPath = "";
			projectRoot = "";
			targets = (
				FB03AABD29BCA46900CF42C0 /* weatime */,
			);
		};
/* End PBXProject section */

/* Begin PBXResourcesBuildPhase section */
		FB03AABC29BCA46900CF42C0 /* Resources */ = {
			isa = PBXResourcesBuildPhase;
			buildActionMask = 2147483647;
			files = (
				FB03AAC929BCA46B00CF42C0 /* Preview Assets.xcassets in Resources */,
				FB03AADC29BCF09100CF42C0 /* weatherData.json in Resources */,
				FB03AAC629BCA46B00CF42C0 /* Assets.xcassets in Resources */,
			);
			runOnlyForDeploymentPostprocessing = 0;
		};
/* End PBXResourcesBuildPhase section */

/* Begin PBXSourcesBuildPhase section */
		FB03AABA29BCA46900CF42C0 /* Sources */ = {
			isa = PBXSourcesBuildPhase;
			buildActionMask = 2147483647;
			files = (
				FB03AAD829BCE3B000CF42C0 /* WeatherManager.swift in Sources */,
				FB03AAE029BCFF6400CF42C0 /* Extensions.swift in Sources */,
				FB03AAC429BCA46900CF42C0 /* ContentView.swift in Sources */,
				FB176BB229BF49DD006383A1 /* test.swift in Sources */,
				FB03AAC229BCA46900CF42C0 /* weatimeApp.swift in Sources */,
				FB03AAD129BCAA5F00CF42C0 /* LocationManager.swift in Sources */,
				FB03AAD629BCD83C00CF42C0 /* LoadingView.swift in Sources */,
				FB03AAD429BCB8ED00CF42C0 /* WelcomeView.swift in Sources */,
				FB03AADA29BCF01100CF42C0 /* ModelData.swift in Sources */,
				FB03AADE29BCFACC00CF42C0 /* WeatherView.swift in Sources */,
			);
			runOnlyForDeploymentPostprocessing = 0;
		};
/* End PBXSourcesBuildPhase section */

/* Begin XCBuildConfiguration section */
		FB03AACA29BCA46B00CF42C0 /* Debug */ = {
			isa = XCBuildConfiguration;
			buildSettings = {
				ALWAYS_SEARCH_USER_PATHS = NO;
				CLANG_ANALYZER_NONNULL = YES;
				CLANG_ANALYZER_NUMBER_OBJECT_CONVERSION = YES_AGGRESSIVE;
				CLANG_CXX_LANGUAGE_STANDARD = "gnu++20";
				CLANG_ENABLE_MODULES = YES;
				CLANG_ENABLE_OBJC_ARC = YES;
				CLANG_ENABLE_OBJC_WEAK = YES;
				CLANG_WARN_BLOCK_CAPTURE_AUTORELEASING = YES;
				CLANG_WARN_BOOL_CONVERSION = YES;
				CLANG_WARN_COMMA = YES;
				CLANG_WARN_CONSTANT_CONVERSION = YES;
				CLANG_WARN_DEPRECATED_OBJC_IMPLEMENTATIONS = YES;
				CLANG_WARN_DIRECT_OBJC_ISA_USAGE = YES_ERROR;
				CLANG_WARN_DOCUMENTATION_COMMENTS = YES;
				CLANG_WARN_EMPTY_BODY = YES;
				CLANG_WARN_ENUM_CONVERSION = YES;
				CLANG_WARN_INFINITE_RECURSION = YES;
				CLANG_WARN_INT_CONVERSION = YES;
				CLANG_WARN_NON_LITERAL_NULL_CONVERSION = YES;
				CLANG_WARN_OBJC_IMPLICIT_RETAIN_SELF = YES;
				CLANG_WARN_OBJC_LITERAL_CONVERSION = YES;
				CLANG_WARN_OBJC_ROOT_CLASS = YES_ERROR;
				CLANG_WARN_QUOTED_INCLUDE_IN_FRAMEWORK_HEADER = YES;
				CLANG_WARN_RANGE_LOOP_ANALYSIS = YES;
				CLANG_WARN_STRICT_PROTOTYPES = YES;
				CLANG_WARN_SUSPICIOUS_MOVE = YES;
				CLANG_WARN_UNGUARDED_AVAILABILITY = YES_AGGRESSIVE;
				CLANG_WARN_UNREACHABLE_CODE = YES;
				CLANG_WARN__DUPLICATE_METHOD_MATCH = YES;
				COPY_PHASE_STRIP = NO;
				DEBUG_INFORMATION_FORMAT = dwarf;
				ENABLE_STRICT_OBJC_MSGSEND = YES;
				ENABLE_TESTABILITY = YES;
				GCC_C_LANGUAGE_STANDARD = gnu11;
				GCC_DYNAMIC_NO_PIC = NO;
				GCC_NO_COMMON_BLOCKS = YES;
				GCC_OPTIMIZATION_LEVEL = 0;
				GCC_PREPROCESSOR_DEFINITIONS = (
					"DEBUG=1",
					"$(inherited)",
				);
				GCC_WARN_64_TO_32_BIT_CONVERSION = YES;
				GCC_WARN_ABOUT_RETURN_TYPE = YES_ERROR;
				GCC_WARN_UNDECLARED_SELECTOR = YES;
				GCC_WARN_UNINITIALIZED_AUTOS = YES_AGGRESSIVE;
				GCC_WARN_UNUSED_FUNCTION = YES;
				GCC_WARN_UNUSED_VARIABLE = YES;
				IPHONEOS_DEPLOYMENT_TARGET = 16.2;
				MTL_ENABLE_DEBUG_INFO = INCLUDE_SOURCE;
				MTL_FAST_MATH = YES;
				ONLY_ACTIVE_ARCH = YES;
				SDKROOT = iphoneos;
				SWIFT_ACTIVE_COMPILATION_CONDITIONS = DEBUG;
				SWIFT_OPTIMIZATION_LEVEL = "-Onone";
			};
			name = Debug;
		};
		FB03AACB29BCA46B00CF42C0 /* Release */ = {
			isa = XCBuildConfiguration;
			buildSettings = {
				ALWAYS_SEARCH_USER_PATHS = NO;
				CLANG_ANALYZER_NONNULL = YES;
				CLANG_ANALYZER_NUMBER_OBJECT_CONVERSION = YES_AGGRESSIVE;
				CLANG_CXX_LANGUAGE_STANDARD = "gnu++20";
				CLANG_ENABLE_MODULES = YES;
				CLANG_ENABLE_OBJC_ARC = YES;
				CLANG_ENABLE_OBJC_WEAK = YES;
				CLANG_WARN_BLOCK_CAPTURE_AUTORELEASING = YES;
				CLANG_WARN_BOOL_CONVERSION = YES;
				CLANG_WARN_COMMA = YES;
				CLANG_WARN_CONSTANT_CONVERSION = YES;
				CLANG_WARN_DEPRECATED_OBJC_IMPLEMENTATIONS = YES;
				CLANG_WARN_DIRECT_OBJC_ISA_USAGE = YES_ERROR;
				CLANG_WARN_DOCUMENTATION_COMMENTS = YES;
				CLANG_WARN_EMPTY_BODY = YES;
				CLANG_WARN_ENUM_CONVERSION = YES;
				CLANG_WARN_INFINITE_RECURSION = YES;
				CLANG_WARN_INT_CONVERSION = YES;
				CLANG_WARN_NON_LITERAL_NULL_CONVERSION = YES;
				CLANG_WARN_OBJC_IMPLICIT_RETAIN_SELF = YES;
				CLANG_WARN_OBJC_LITERAL_CONVERSION = YES;
				CLANG_WARN_OBJC_ROOT_CLASS = YES_ERROR;
				CLANG_WARN_QUOTED_INCLUDE_IN_FRAMEWORK_HEADER = YES;
				CLANG_WARN_RANGE_LOOP_ANALYSIS = YES;
				CLANG_WARN_STRICT_PROTOTYPES = YES;
				CLANG_WARN_SUSPICIOUS_MOVE = YES;
				CLANG_WARN_UNGUARDED_AVAILABILITY = YES_AGGRESSIVE;
				CLANG_WARN_UNREACHABLE_CODE = YES;
				CLANG_WARN__DUPLICATE_METHOD_MATCH = YES;
				COPY_PHASE_STRIP = NO;
				DEBUG_INFORMATION_FORMAT = "dwarf-with-dsym";
				ENABLE_NS_ASSERTIONS = NO;
				ENABLE_STRICT_OBJC_MSGSEND = YES;
				GCC_C_LANGUAGE_STANDARD = gnu11;
				GCC_NO_COMMON_BLOCKS = YES;
				GCC_WARN_64_TO_32_BIT_CONVERSION = YES;
				GCC_WARN_ABOUT_RETURN_TYPE = YES_ERROR;
				GCC_WARN_UNDECLARED_SELECTOR = YES;
				GCC_WARN_UNINITIALIZED_AUTOS = YES_AGGRESSIVE;
				GCC_WARN_UNUSED_FUNCTION = YES;
				GCC_WARN_UNUSED_VARIABLE = YES;
				IPHONEOS_DEPLOYMENT_TARGET = 16.2;
				MTL_ENABLE_DEBUG_INFO = NO;
				MTL_FAST_MATH = YES;
				SDKROOT = iphoneos;
				SWIFT_COMPILATION_MODE = wholemodule;
				SWIFT_OPTIMIZATION_LEVEL = "-O";
				VALIDATE_PRODUCT = YES;
			};
			name = Release;
		};
		FB03AACD29BCA46B00CF42C0 /* Debug */ = {
			isa = XCBuildConfiguration;
			buildSettings = {
				ASSETCATALOG_COMPILER_APPICON_NAME = AppIcon;
				ASSETCATALOG_COMPILER_GLOBAL_ACCENT_COLOR_NAME = AccentColor;
				CODE_SIGN_STYLE = Automatic;
				CURRENT_PROJECT_VERSION = 1;
				DEVELOPMENT_ASSET_PATHS = "\"weatime/Preview Content\"";
				ENABLE_PREVIEWS = YES;
				GENERATE_INFOPLIST_FILE = YES;
				INFOPLIST_KEY_UIApplicationSceneManifest_Generation = YES;
				INFOPLIST_KEY_UIApplicationSupportsIndirectInputEvents = YES;
				INFOPLIST_KEY_UILaunchScreen_Generation = YES;
				INFOPLIST_KEY_UISupportedInterfaceOrientations_iPad = "UIInterfaceOrientationPortrait UIInterfaceOrientationPortraitUpsideDown UIInterfaceOrientationLandscapeLeft UIInterfaceOrientationLandscapeRight";
				INFOPLIST_KEY_UISupportedInterfaceOrientations_iPhone = "UIInterfaceOrientationPortrait UIInterfaceOrientationLandscapeLeft UIInterfaceOrientationLandscapeRight";
				LD_RUNPATH_SEARCH_PATHS = (
					"$(inherited)",
					"@executable_path/Frameworks",
				);
				MARKETING_VERSION = 1.0;
				PRODUCT_BUNDLE_IDENTIFIER = com.max.weatime;
				PRODUCT_NAME = "$(TARGET_NAME)";
				SWIFT_EMIT_LOC_STRINGS = YES;
				SWIFT_VERSION = 5.0;
				TARGETED_DEVICE_FAMILY = "1,2";
			};
			name = Debug;
		};
		FB03AACE29BCA46B00CF42C0 /* Release */ = {
			isa = XCBuildConfiguration;
			buildSettings = {
				ASSETCATALOG_COMPILER_APPICON_NAME = AppIcon;
				ASSETCATALOG_COMPILER_GLOBAL_ACCENT_COLOR_NAME = AccentColor;
				CODE_SIGN_STYLE = Automatic;
				CURRENT_PROJECT_VERSION = 1;
				DEVELOPMENT_ASSET_PATHS = "\"weatime/Preview Content\"";
				ENABLE_PREVIEWS = YES;
				GENERATE_INFOPLIST_FILE = YES;
				INFOPLIST_KEY_UIApplicationSceneManifest_Generation = YES;
				INFOPLIST_KEY_UIApplicationSupportsIndirectInputEvents = YES;
				INFOPLIST_KEY_UILaunchScreen_Generation = YES;
				INFOPLIST_KEY_UISupportedInterfaceOrientations_iPad = "UIInterfaceOrientationPortrait UIInterfaceOrientationPortraitUpsideDown UIInterfaceOrientationLandscapeLeft UIInterfaceOrientationLandscapeRight";
				INFOPLIST_KEY_UISupportedInterfaceOrientations_iPhone = "UIInterfaceOrientationPortrait UIInterfaceOrientationLandscapeLeft UIInterfaceOrientationLandscapeRight";
				LD_RUNPATH_SEARCH_PATHS = (
					"$(inherited)",
					"@executable_path/Frameworks",
				);
				MARKETING_VERSION = 1.0;
				PRODUCT_BUNDLE_IDENTIFIER = com.max.weatime;
				PRODUCT_NAME = "$(TARGET_NAME)";
				SWIFT_EMIT_LOC_STRINGS = YES;
				SWIFT_VERSION = 5.0;
				TARGETED_DEVICE_FAMILY = "1,2";
			};
			name = Release;
		};
/* End XCBuildConfiguration section */

/* Begin XCConfigurationList section */
		FB03AAB929BCA46900CF42C0 /* Build configuration list for PBXProject "weatime" */ = {
			isa = XCConfigurationList;
			buildConfigurations = (
				FB03AACA29BCA46B00CF42C0 /* Debug */,
				FB03AACB29BCA46B00CF42C0 /* Release */,
			);
			defaultConfigurationIsVisible = 0;
			defaultConfigurationName = Release;
		};
		FB03AACC29BCA46B00CF42C0 /* Build configuration list for PBXNativeTarget "weatime" */ = {
			isa = XCConfigurationList;
			buildConfigurations = (
				FB03AACD29BCA46B00CF42C0 /* Debug */,
				FB03AACE29BCA46B00CF42C0 /* Release */,
			);
			defaultConfigurationIsVisible = 0;
			defaultConfigurationName = Release;
		};
/* End XCConfigurationList section */
	};
	rootObject = FB03AAB629BCA46900CF42C0 /* Project object */;
}
